
Microsoft Visual Studio Solution File, Format Version 12.00
# Visual Studio Version 17
VisualStudioVersion = 17.8.34330.188
MinimumVisualStudioVersion = 10.0.40219.1
Project("{FAE04EC0-301F-11D3-BF4B-00C04F79EFBC}") = "zd1_Marunenko", "zd1_Marunenko.csproj", "{48E2F151-513E-48E5-83BD-FF12E0276118}"
EndProject
Global
	GlobalSection(SolutionConfigurationPlatforms) = preSolution
		Debug|Any CPU = Debug|Any CPU
		Release|Any CPU = Release|Any CPU
	EndGlobalSection
	GlobalSection(ProjectConfigurationPlatforms) = postSolution
		{48E2F151-513E-48E5-83BD-FF12E0276118}.Debug|Any CPU.ActiveCfg = Debug|Any CPU
		{48E2F151-513E-48E5-83BD-FF12E0276118}.Debug|Any CPU.Build.0 = Debug|Any CPU
		{48E2F151-513E-48E5-83BD-FF12E0276118}.Release|Any CPU.ActiveCfg = Release|Any CPU
		{48E2F151-513E-48E5-83BD-FF12E0276118}.Release|Any CPU.Build.0 = Release|Any CPU
	EndGlobalSection
	GlobalSection(SolutionProperties) = preSolution
		HideSolutionNode = FALSE
	EndGlobalSection
	GlobalSection(ExtensibilityGlobals) = postSolution
		SolutionGuid = {F6DC7117-7140-42CC-A8AE-6C7CE1329D05}
	EndGlobalSection
EndGlobal
